# Every include-directive site under .docs/, one line per file and fragment id.
# Format: <path relative to .docs/>\t<fragment id>\t<directives naming that id in that file>
# Generated by scripts/check-doc-includes.py --write-lock. Editing a line is how a
# writer removes or adds a transcluding site; the check fails where the tree and
# this file disagree.
adrs/phase-1.md	relay-proof-wire-fields	3
scaffold/shared.md	identity-backend-methods	1
scaffold/shared.md	name-binding-criterion	1
scaffold/shared.md	recovery-entry-points	1
scaffold/shared.md	recovery-handle-declaration	1
specs/09-security-model.md	large-blob-arithmetic	1
specs/17-persistence-and-storage.md	recovery-handle-declaration	1
standards/conventions.md	name-binding-criterion	1
