# Every include-directive site under .docs/, one line per file and fragment id.
# Format: <path relative to .docs/>\t<fragment id>\t<directives naming that id in that file>
# Generated by scripts/check-doc-includes.py --write-lock. Editing a line is how a
# writer removes or adds a transcluding site; the check fails where the tree and
# this file disagree.
adrs/phase-1.md	budget-scope-token-mapping	2
adrs/phase-1.md	budget-value-variants	1
adrs/phase-1.md	identifier-exemption	1
adrs/phase-1.md	publish-charge-trigger	1
adrs/phase-1.md	publish-check-order	2
adrs/phase-1.md	rate-limit-check	1
adrs/phase-1.md	receipt-exempts-declaration	1
adrs/phase-1.md	refusal-value	1
adrs/phase-1.md	relay-proof-wire-fields	3
adrs/phase-1.md	rent-arithmetic-period	1
adrs/phase-1.md	rent-arithmetic-price	1
adrs/phase-1.md	rent-arithmetic-quota	1
adrs/phase-1.md	rent-preimage-operands	1
adrs/phase-1.md	total-scope	1
scaffold/shared.md	identity-backend-methods	1
scaffold/shared.md	name-binding-criterion	1
scaffold/shared.md	recovery-entry-points	1
scaffold/shared.md	recovery-handle-declaration	1
specs/03-identity.md	publish-charge-trigger	2
specs/03-identity.md	rate-limit-check	2
specs/03-identity.md	receipt-checks	1
specs/03-identity.md	refusal-value	1
specs/03-identity.md	total-scope	1
specs/03-identity.md	verify-call-inputs	1
specs/03-identity.md	witness-write-charge-exemption	1
specs/09-security-model.md	identifier-eviction	1
specs/09-security-model.md	identifier-exemption	1
specs/09-security-model.md	large-blob-arithmetic	1
specs/09-security-model.md	policy-answer-type	1
specs/09-security-model.md	rate-limit-check	1
specs/09-security-model.md	receipt-exempts-declaration	1
specs/09-security-model.md	refusal-value	1
specs/09-security-model.md	relay-config-rate-limit-absence	1
specs/09-security-model.md	relay-config-receipt-exempts-absence	1
specs/09-security-model.md	relay-config-rent-absence	1
specs/09-security-model.md	relay-config-storage-absence	1
specs/09-security-model.md	rent-arithmetic-period	1
specs/09-security-model.md	rent-arithmetic-price	1
specs/09-security-model.md	rent-arithmetic-quota	1
specs/09-security-model.md	rent-preimage-operands	1
specs/09-security-model.md	rent-wire-fields	1
specs/09-security-model.md	total-scope	1
specs/17-persistence-and-storage.md	recovery-handle-declaration	1
specs/18-addressability-and-deployment.md	budget-scope-token-mapping	1
specs/18-addressability-and-deployment.md	coverage-test	1
specs/18-addressability-and-deployment.md	economic-object-declaration	1
specs/18-addressability-and-deployment.md	identifier-bound	1
specs/18-addressability-and-deployment.md	identifier-eviction	1
specs/18-addressability-and-deployment.md	identifier-exemption	1
specs/18-addressability-and-deployment.md	payment-adapter-registry-rows	1
specs/18-addressability-and-deployment.md	publish-charge-trigger	1
specs/18-addressability-and-deployment.md	rate-limit-check	1
specs/18-addressability-and-deployment.md	receipt-checks	1
specs/18-addressability-and-deployment.md	receipt-exempts-declaration	1
specs/18-addressability-and-deployment.md	rent-arithmetic-period	1
specs/18-addressability-and-deployment.md	rent-arithmetic-price	1
specs/18-addressability-and-deployment.md	rent-arithmetic-quota	1
specs/18-addressability-and-deployment.md	total-scope	1
specs/19-economic-governance.md	adapter-recipient-obligation	1
specs/19-economic-governance.md	payment-adapter-registry-rows	1
specs/19-economic-governance.md	relay-config-invalid-declarations	1
specs/19-economic-governance.md	verification-result-fields	1
specs/25-test-vectors.md	rent-preimage-operands	1
standards/conventions.md	name-binding-criterion	1
